<?xml version="1.0" encoding="UTF-8"?>
<Scheme
   LastUpgradeVersion = "2600"
   version = "1.3">
   <BuildAction
      parallelizeBuildables = "YES"
      buildImplicitDependencies = "YES">
      <BuildActionEntries>
         <BuildActionEntry
            buildForTesting = "YES"
            buildForRunning = "YES"
            buildForProfiling = "YES"
            buildForArchiving = "YES"
            buildForAnalyzing = "YES">
            <BuildableReference
               BuildableIdentifier = "primary"
               BlueprintIdentifier = "0D82914B52CC024ADDB344A8"
               BuildableName = "Jianwei.app"
               BlueprintName = "Jianwei"
               ReferencedContainer = "container:Jianwei.xcodeproj">
            </BuildableReference>
         </BuildActionEntry>
         <BuildActionEntry
            buildForTesting = "YES"
            buildForRunning = "NO"
            buildForProfiling = "NO"
            buildForArchiving = "NO"
            buildForAnalyzing = "NO">
            <BuildableReference
               BuildableIdentifier = "primary"
               BlueprintIdentifier = "66E7E9FD5B342434529AA8C6"
               BuildableName = "JianweiStoreKitUITests.xctest"
               BlueprintName = "JianweiStoreKitUITests"
               ReferencedContainer = "container:Jianwei.xcodeproj">
            </BuildableReference>
         </BuildActionEntry>
         <BuildActionEntry
            buildForTesting = "YES"
            buildForRunning = "NO"
            buildForProfiling = "NO"
            buildForArchiving = "NO"
            buildForAnalyzing = "NO">
            <BuildableReference
               BuildableIdentifier = "primary"
               BlueprintIdentifier = "49B4532528B9D50ED2EEC891"
               BuildableName = "JianweiTests.xctest"
               BlueprintName = "JianweiTests"
               ReferencedContainer = "container:Jianwei.xcodeproj">
            </BuildableReference>
         </BuildActionEntry>
         <BuildActionEntry
            buildForTesting = "YES"
            buildForRunning = "YES"
            buildForProfiling = "YES"
            buildForArchiving = "YES"
            buildForAnalyzing = "YES">
            <BuildableReference
               BuildableIdentifier = "primary"
               BlueprintIdentifier = "134A55B9727FEEE02F85B299"
               BuildableName = "JianweiWidget.appex"
               BlueprintName = "JianweiWidget"
               ReferencedContainer = "container:Jianwei.xcodeproj">
            </BuildableReference>
         </BuildActionEntry>
      </BuildActionEntries>
   </BuildAction>
   <TestAction
      buildConfiguration = "Debug"
      selectedDebuggerIdentifier = "Xcode.DebuggerFoundation.Debugger.LLDB"
      selectedLauncherIdentifier = "Xcode.DebuggerFoundation.Launcher.LLDB"
      shouldUseLaunchSchemeArgsEnv = "YES"
      codeCoverageEnabled = "YES">
      <MacroExpansion>
         <BuildableReference
            BuildableIdentifier = "primary"
            BlueprintIdentifier = "0D82914B52CC024ADDB344A8"
            BuildableName = "Jianwei.app"
            BlueprintName = "Jianwei"
            ReferencedContainer = "container:Jianwei.xcodeproj">
         </BuildableReference>
      </MacroExpansion>
      <Testables>
         <TestableReference
            skipped = "NO"
            parallelizable = "NO">
            <BuildableReference
               BuildableIdentifier = "primary"
               BlueprintIdentifier = "49B4532528B9D50ED2EEC891"
               BuildableName = "JianweiTests.xctest"
               BlueprintName = "JianweiTests"
               ReferencedContainer = "container:Jianwei.xcodeproj">
            </BuildableReference>
         </TestableReference>
         <TestableReference
            skipped = "NO">
            <BuildableReference
               BuildableIdentifier = "primary"
               BlueprintIdentifier = "66E7E9FD5B342434529AA8C6"
               BuildableName = "JianweiStoreKitUITests.xctest"
               BlueprintName = "JianweiStoreKitUITests"
               ReferencedContainer = "container:Jianwei.xcodeproj">
            </BuildableReference>
         </TestableReference>
      </Testables>
   </TestAction>
   <LaunchAction
      buildConfiguration = "Debug"
      selectedDebuggerIdentifier = "Xcode.DebuggerFoundation.Debugger.LLDB"
      selectedLauncherIdentifier = "Xcode.DebuggerFoundation.Launcher.LLDB"
      launchStyle = "0"
      useCustomWorkingDirectory = "NO"
      ignoresPersistentStateOnLaunch = "NO"
      debugDocumentVersioning = "YES"
      debugServiceExtension = "internal"
      allowLocationSimulation = "YES">
      <BuildableProductRunnable
         runnableDebuggingMode = "0">
         <BuildableReference
            BuildableIdentifier = "primary"
            BlueprintIdentifier = "0D82914B52CC024ADDB344A8"
            BuildableName = "Jianwei.app"
            BlueprintName = "Jianwei"
            ReferencedContainer = "container:Jianwei.xcodeproj">
         </BuildableReference>
      </BuildableProductRunnable>
      <StoreKitConfigurationFileReference
         identifier = "../../StoreKit/Jianwei.storekit">
      </StoreKitConfigurationFileReference>
   </LaunchAction>
   <ProfileAction
      buildConfiguration = "Release"
      shouldUseLaunchSchemeArgsEnv = "YES"
      savedToolIdentifier = ""
      useCustomWorkingDirectory = "NO"
      debugDocumentVersioning = "YES">
      <BuildableProductRunnable
         runnableDebuggingMode = "0">
         <BuildableReference
            BuildableIdentifier = "primary"
            BlueprintIdentifier = "0D82914B52CC024ADDB344A8"
            BuildableName = "Jianwei.app"
            BlueprintName = "Jianwei"
            ReferencedContainer = "container:Jianwei.xcodeproj">
         </BuildableReference>
      </BuildableProductRunnable>
   </ProfileAction>
   <AnalyzeAction
      buildConfiguration = "Debug">
   </AnalyzeAction>
   <ArchiveAction
      buildConfiguration = "Release"
      revealArchiveInOrganizer = "YES">
   </ArchiveAction>
</Scheme>
